
Microsoft Visual Studio Solution File, Format Version 12.00
# Visual Studio Version 16
VisualStudioVersion = 16.0.32002.261
MinimumVisualStudioVersion = 10.0.40219.1
Project("{FAE04EC0-301F-11D3-BF4B-00C04F79EFBC}") = "TuDien", "TuDien\TuDien.csproj", "{087D9737-5B83-45B9-91B1-CCF29B5C8CAD}"
EndProject
Global
	GlobalSection(SolutionConfigurationPlatforms) = preSolution
		Debug|Any CPU = Debug|Any CPU
		Release|Any CPU = Release|Any CPU
	EndGlobalSection
	GlobalSection(ProjectConfigurationPlatforms) = postSolution
		{087D9737-5B83-45B9-91B1-CCF29B5C8CAD}.Debug|Any CPU.ActiveCfg = Debug|Any CPU
		{087D9737-5B83-45B9-91B1-CCF29B5C8CAD}.Debug|Any CPU.Build.0 = Debug|Any CPU
		{087D9737-5B83-45B9-91B1-CCF29B5C8CAD}.Release|Any CPU.ActiveCfg = Release|Any CPU
		{087D9737-5B83-45B9-91B1-CCF29B5C8CAD}.Release|Any CPU.Build.0 = Release|Any CPU
	EndGlobalSection
	GlobalSection(SolutionProperties) = preSolution
		HideSolutionNode = FALSE
	EndGlobalSection
	GlobalSection(ExtensibilityGlobals) = postSolution
		SolutionGuid = {05681B1E-AF62-4323-B087-D22192CCABE2}
	EndGlobalSection
EndGlobal
